// !$*UTF8*$!
{
	archiveVersion = 1;
	classes = {
	};
	objectVersion = 55;
	objects = {

/* Begin PBXBuildFile section */
		BA282A3D2844D9E0000B89BC /* b5n.cpp in Sources */ = {isa = PBXBuildFile; fileRef = BAA8FED428447D150072623B /* b5n.cpp */; };
/* End PBXBuildFile section */

/* Begin PBXCopyFilesBuildPhase section */
		BA1A7C88284192B600451C2F /* CopyFiles */ = {
			isa = PBXCopyFilesBuildPhase;
			buildActionMask = 2147483647;
			dstPath = /usr/share/man/man1/;
			dstSubfolderSpec = 0;
			files = (
			);
			runOnlyForDeploymentPostprocessing = 1;
		};
/* End PBXCopyFilesBuildPhase section */

/* Begin PBXFileReference section */
		BA1A7C8A284192B600451C2F /* clubtest */ = {isa = PBXFileReference; explicitFileType = "compiled.mach-o.executable"; includeInIndex = 0; path = clubtest; sourceTree = BUILT_PRODUCTS_DIR; };
		BA1A7C8D284192B600451C2F /* main.cpp */ = {isa = PBXFileReference; lastKnownFileType = sourcecode.cpp.cpp; path = main.cpp; sourceTree = "<group>"; };
		BA1A7C94284193A200451C2F /* a2.cpp */ = {isa = PBXFileReference; lastKnownFileType = sourcecode.cpp.cpp; path = a2.cpp; sourceTree = "<group>"; };
		BA1A7C962841995D00451C2F /* b5.cpp */ = {isa = PBXFileReference; lastKnownFileType = sourcecode.cpp.cpp; path = b5.cpp; sourceTree = "<group>"; };
		BA1A7C9928419A3600451C2F /* b2.cpp */ = {isa = PBXFileReference; lastKnownFileType = sourcecode.cpp.cpp; path = b2.cpp; sourceTree = "<group>"; };
		BA1A7C9B2841AE7F00451C2F /* b1.cpp */ = {isa = PBXFileReference; lastKnownFileType = sourcecode.cpp.cpp; path = b1.cpp; sourceTree = "<group>"; };
		BA2257CD284354D800C0E305 /* c3.cpp */ = {isa = PBXFileReference; lastKnownFileType = sourcecode.cpp.cpp; path = c3.cpp; sourceTree = "<group>"; };
		BA2257CF28435EA100C0E305 /* c2.cpp */ = {isa = PBXFileReference; lastKnownFileType = sourcecode.cpp.cpp; path = c2.cpp; sourceTree = "<group>"; };
		BA282A3B2844CF0E000B89BC /* b5暴力.cpp */ = {isa = PBXFileReference; lastKnownFileType = sourcecode.cpp.cpp; path = "b5暴力.cpp"; sourceTree = "<group>"; };
		BA5FC95B2841B8E600EAB4D6 /* b4.cpp */ = {isa = PBXFileReference; lastKnownFileType = sourcecode.cpp.cpp; path = b4.cpp; sourceTree = "<group>"; };
		BA5FC95E2841DC2800EAB4D6 /* b3.cpp */ = {isa = PBXFileReference; lastKnownFileType = sourcecode.cpp.cpp; path = b3.cpp; sourceTree = "<group>"; };
		BA5FC9612841F3F900EAB4D6 /* c4.cpp */ = {isa = PBXFileReference; lastKnownFileType = sourcecode.cpp.cpp; path = c4.cpp; sourceTree = "<group>"; };
		BA5FC9642841FB8B00EAB4D6 /* c5.cpp */ = {isa = PBXFileReference; lastKnownFileType = sourcecode.cpp.cpp; path = c5.cpp; sourceTree = "<group>"; };
		BA5FC9682842E99500EAB4D6 /* c1.cpp */ = {isa = PBXFileReference; lastKnownFileType = sourcecode.cpp.cpp; path = c1.cpp; sourceTree = "<group>"; };
		BAA8FECF284390590072623B /* c3n.cpp */ = {isa = PBXFileReference; lastKnownFileType = sourcecode.cpp.cpp; path = c3n.cpp; sourceTree = "<group>"; };
		BAA8FED428447D150072623B /* b5n.cpp */ = {isa = PBXFileReference; lastKnownFileType = sourcecode.cpp.cpp; path = b5n.cpp; sourceTree = "<group>"; };
/* End PBXFileReference section */

/* Begin PBXFrameworksBuildPhase section */
		BA1A7C87284192B600451C2F /* Frameworks */ = {
			isa = PBXFrameworksBuildPhase;
			buildActionMask = 2147483647;
			files = (
			);
			runOnlyForDeploymentPostprocessing = 0;
		};
/* End PBXFrameworksBuildPhase section */

/* Begin PBXGroup section */
		BA1A7C81284192B600451C2F = {
			isa = PBXGroup;
			children = (
				BA1A7C8C284192B600451C2F /* clubtest */,
				BA1A7C8B284192B600451C2F /* Products */,
			);
			sourceTree = "<group>";
		};
		BA1A7C8B284192B600451C2F /* Products */ = {
			isa = PBXGroup;
			children = (
				BA1A7C8A284192B600451C2F /* clubtest */,
			);
			name = Products;
			sourceTree = "<group>";
		};
		BA1A7C8C284192B600451C2F /* clubtest */ = {
			isa = PBXGroup;
			children = (
				BA1A7C8D284192B600451C2F /* main.cpp */,
				BA1A7C94284193A200451C2F /* a2.cpp */,
				BA1A7C9928419A3600451C2F /* b2.cpp */,
				BA5FC9612841F3F900EAB4D6 /* c4.cpp */,
				BA5FC9642841FB8B00EAB4D6 /* c5.cpp */,
				BA5FC95E2841DC2800EAB4D6 /* b3.cpp */,
				BA5FC95B2841B8E600EAB4D6 /* b4.cpp */,
				BA1A7C9B2841AE7F00451C2F /* b1.cpp */,
				BA1A7C962841995D00451C2F /* b5.cpp */,
				BAA8FED428447D150072623B /* b5n.cpp */,
				BA5FC9682842E99500EAB4D6 /* c1.cpp */,
				BA2257CD284354D800C0E305 /* c3.cpp */,
				BA2257CF28435EA100C0E305 /* c2.cpp */,
				BAA8FECF284390590072623B /* c3n.cpp */,
				BA282A3B2844CF0E000B89BC /* b5暴力.cpp */,
			);
			path = clubtest;
			sourceTree = "<group>";
		};
/* End PBXGroup section */

/* Begin PBXNativeTarget section */
		BA1A7C89284192B600451C2F /* clubtest */ = {
			isa = PBXNativeTarget;
			buildConfigurationList = BA1A7C91284192B600451C2F /* Build configuration list for PBXNativeTarget "clubtest" */;
			buildPhases = (
				BA1A7C86284192B600451C2F /* Sources */,
				BA1A7C87284192B600451C2F /* Frameworks */,
				BA1A7C88284192B600451C2F /* CopyFiles */,
			);
			buildRules = (
			);
			dependencies = (
			);
			name = clubtest;
			productName = clubtest;
			productReference = BA1A7C8A284192B600451C2F /* clubtest */;
			productType = "com.apple.product-type.tool";
		};
/* End PBXNativeTarget section */

/* Begin PBXProject section */
		BA1A7C82284192B600451C2F /* Project object */ = {
			isa = PBXProject;
			attributes = {
				BuildIndependentTargetsInParallel = 1;
				LastUpgradeCheck = 1340;
				TargetAttributes = {
					BA1A7C89284192B600451C2F = {
						CreatedOnToolsVersion = 13.4;
					};
				};
			};
			buildConfigurationList = BA1A7C85284192B600451C2F /* Build configuration list for PBXProject "clubtest" */;
			compatibilityVersion = "Xcode 13.0";
			developmentRegion = en;
			hasScannedForEncodings = 0;
			knownRegions = (
				en,
				Base,
			);
			mainGroup = BA1A7C81284192B600451C2F;
			productRefGroup = BA1A7C8B284192B600451C2F /* Products */;
			projectDirPath = "";
			projectRoot = "";
			targets = (
				BA1A7C89284192B600451C2F /* clubtest */,
			);
		};
/* End PBXProject section */

/* Begin PBXSourcesBuildPhase section */
		BA1A7C86284192B600451C2F /* Sources */ = {
			isa = PBXSourcesBuildPhase;
			buildActionMask = 2147483647;
			files = (
				BA282A3D2844D9E0000B89BC /* b5n.cpp in Sources */,
			);
			runOnlyForDeploymentPostprocessing = 0;
		};
/* End PBXSourcesBuildPhase section */

/* Begin XCBuildConfiguration section */
		BA1A7C8F284192B600451C2F /* Debug */ = {
			isa = XCBuildConfiguration;
			buildSettings = {
				ALWAYS_SEARCH_USER_PATHS = NO;
				CLANG_ANALYZER_NONNULL = YES;
				CLANG_ANALYZER_NUMBER_OBJECT_CONVERSION = YES_AGGRESSIVE;
				CLANG_CXX_LANGUAGE_STANDARD = "gnu++17";
				CLANG_ENABLE_MODULES = YES;
				CLANG_ENABLE_OBJC_ARC = YES;
				CLANG_ENABLE_OBJC_WEAK = YES;
				CLANG_WARN_BLOCK_CAPTURE_AUTORELEASING = YES;
				CLANG_WARN_BOOL_CONVERSION = YES;
				CLANG_WARN_COMMA = YES;
				CLANG_WARN_CONSTANT_CONVERSION = YES;
				CLANG_WARN_DEPRECATED_OBJC_IMPLEMENTATIONS = YES;
				CLANG_WARN_DIRECT_OBJC_ISA_USAGE = YES_ERROR;
				CLANG_WARN_DOCUMENTATION_COMMENTS = YES;
				CLANG_WARN_EMPTY_BODY = YES;
				CLANG_WARN_ENUM_CONVERSION = YES;
				CLANG_WARN_INFINITE_RECURSION = YES;
				CLANG_WARN_INT_CONVERSION = YES;
				CLANG_WARN_NON_LITERAL_NULL_CONVERSION = YES;
				CLANG_WARN_OBJC_IMPLICIT_RETAIN_SELF = YES;
				CLANG_WARN_OBJC_LITERAL_CONVERSION = YES;
				CLANG_WARN_OBJC_ROOT_CLASS = YES_ERROR;
				CLANG_WARN_QUOTED_INCLUDE_IN_FRAMEWORK_HEADER = YES;
				CLANG_WARN_RANGE_LOOP_ANALYSIS = YES;
				CLANG_WARN_STRICT_PROTOTYPES = YES;
				CLANG_WARN_SUSPICIOUS_MOVE = YES;
				CLANG_WARN_UNGUARDED_AVAILABILITY = YES_AGGRESSIVE;
				CLANG_WARN_UNREACHABLE_CODE = YES;
				CLANG_WARN__DUPLICATE_METHOD_MATCH = YES;
				COPY_PHASE_STRIP = NO;
				DEBUG_INFORMATION_FORMAT = dwarf;
				ENABLE_STRICT_OBJC_MSGSEND = YES;
				ENABLE_TESTABILITY = YES;
				GCC_C_LANGUAGE_STANDARD = gnu11;
				GCC_DYNAMIC_NO_PIC = NO;
				GCC_NO_COMMON_BLOCKS = YES;
				GCC_OPTIMIZATION_LEVEL = 0;
				GCC_PREPROCESSOR_DEFINITIONS = (
					"DEBUG=1",
					"$(inherited)",
				);
				GCC_WARN_64_TO_32_BIT_CONVERSION = YES;
				GCC_WARN_ABOUT_RETURN_TYPE = YES_ERROR;
				GCC_WARN_UNDECLARED_SELECTOR = YES;
				GCC_WARN_UNINITIALIZED_AUTOS = YES_AGGRESSIVE;
				GCC_WARN_UNUSED_FUNCTION = YES;
				GCC_WARN_UNUSED_VARIABLE = YES;
				MACOSX_DEPLOYMENT_TARGET = 12.3;
				MTL_ENABLE_DEBUG_INFO = INCLUDE_SOURCE;
				MTL_FAST_MATH = YES;
				ONLY_ACTIVE_ARCH = YES;
				SDKROOT = macosx;
			};
			name = Debug;
		};
		BA1A7C90284192B600451C2F /* Release */ = {
			isa = XCBuildConfiguration;
			buildSettings = {
				ALWAYS_SEARCH_USER_PATHS = NO;
				CLANG_ANALYZER_NONNULL = YES;
				CLANG_ANALYZER_NUMBER_OBJECT_CONVERSION = YES_AGGRESSIVE;
				CLANG_CXX_LANGUAGE_STANDARD = "gnu++17";
				CLANG_ENABLE_MODULES = YES;
				CLANG_ENABLE_OBJC_ARC = YES;
				CLANG_ENABLE_OBJC_WEAK = YES;
				CLANG_WARN_BLOCK_CAPTURE_AUTORELEASING = YES;
				CLANG_WARN_BOOL_CONVERSION = YES;
				CLANG_WARN_COMMA = YES;
				CLANG_WARN_CONSTANT_CONVERSION = YES;
				CLANG_WARN_DEPRECATED_OBJC_IMPLEMENTATIONS = YES;
				CLANG_WARN_DIRECT_OBJC_ISA_USAGE = YES_ERROR;
				CLANG_WARN_DOCUMENTATION_COMMENTS = YES;
				CLANG_WARN_EMPTY_BODY = YES;
				CLANG_WARN_ENUM_CONVERSION = YES;
				CLANG_WARN_INFINITE_RECURSION = YES;
				CLANG_WARN_INT_CONVERSION = YES;
				CLANG_WARN_NON_LITERAL_NULL_CONVERSION = YES;
				CLANG_WARN_OBJC_IMPLICIT_RETAIN_SELF = YES;
				CLANG_WARN_OBJC_LITERAL_CONVERSION = YES;
				CLANG_WARN_OBJC_ROOT_CLASS = YES_ERROR;
				CLANG_WARN_QUOTED_INCLUDE_IN_FRAMEWORK_HEADER = YES;
				CLANG_WARN_RANGE_LOOP_ANALYSIS = YES;
				CLANG_WARN_STRICT_PROTOTYPES = YES;
				CLANG_WARN_SUSPICIOUS_MOVE = YES;
				CLANG_WARN_UNGUARDED_AVAILABILITY = YES_AGGRESSIVE;
				CLANG_WARN_UNREACHABLE_CODE = YES;
				CLANG_WARN__DUPLICATE_METHOD_MATCH = YES;
				COPY_PHASE_STRIP = NO;
				DEBUG_INFORMATION_FORMAT = "dwarf-with-dsym";
				ENABLE_NS_ASSERTIONS = NO;
				ENABLE_STRICT_OBJC_MSGSEND = YES;
				GCC_C_LANGUAGE_STANDARD = gnu11;
				GCC_NO_COMMON_BLOCKS = YES;
				GCC_WARN_64_TO_32_BIT_CONVERSION = YES;
				GCC_WARN_ABOUT_RETURN_TYPE = YES_ERROR;
				GCC_WARN_UNDECLARED_SELECTOR = YES;
				GCC_WARN_UNINITIALIZED_AUTOS = YES_AGGRESSIVE;
				GCC_WARN_UNUSED_FUNCTION = YES;
				GCC_WARN_UNUSED_VARIABLE = YES;
				MACOSX_DEPLOYMENT_TARGET = 12.3;
				MTL_ENABLE_DEBUG_INFO = NO;
				MTL_FAST_MATH = YES;
				SDKROOT = macosx;
			};
			name = Release;
		};
		BA1A7C92284192B600451C2F /* Debug */ = {
			isa = XCBuildConfiguration;
			buildSettings = {
				CODE_SIGN_STYLE = Automatic;
				PRODUCT_NAME = "$(TARGET_NAME)";
				"SYSTEM_HEADER_SEARCH_PATHS[arch=*]" = /usr/local/include;
			};
			name = Debug;
		};
		BA1A7C93284192B600451C2F /* Release */ = {
			isa = XCBuildConfiguration;
			buildSettings = {
				CODE_SIGN_STYLE = Automatic;
				PRODUCT_NAME = "$(TARGET_NAME)";
			};
			name = Release;
		};
/* End XCBuildConfiguration section */

/* Begin XCConfigurationList section */
		BA1A7C85284192B600451C2F /* Build configuration list for PBXProject "clubtest" */ = {
			isa = XCConfigurationList;
			buildConfigurations = (
				BA1A7C8F284192B600451C2F /* Debug */,
				BA1A7C90284192B600451C2F /* Release */,
			);
			defaultConfigurationIsVisible = 0;
			defaultConfigurationName = Release;
		};
		BA1A7C91284192B600451C2F /* Build configuration list for PBXNativeTarget "clubtest" */ = {
			isa = XCConfigurationList;
			buildConfigurations = (
				BA1A7C92284192B600451C2F /* Debug */,
				BA1A7C93284192B600451C2F /* Release */,
			);
			defaultConfigurationIsVisible = 0;
			defaultConfigurationName = Release;
		};
/* End XCConfigurationList section */
	};
	rootObject = BA1A7C82284192B600451C2F /* Project object */;
}
